
Microsoft Visual Studio Solution File, Format Version 12.00
# Visual Studio Version 16
VisualStudioVersion = 16.0.30907.101
MinimumVisualStudioVersion = 10.0.40219.1
Project("{8BC9CEB8-8B4A-11D0-8D11-00A0C91BC942}") = "praktika", "praktika\praktika.vcxproj", "{F734A1D9-1F5B-442E-A1B7-3B9D56A1126A}"
EndProject
Global
	GlobalSection(SolutionConfigurationPlatforms) = preSolution
		Debug|x64 = Debug|x64
		Debug|x86 = Debug|x86
		Release|x64 = Release|x64
		Release|x86 = Release|x86
	EndGlobalSection
	GlobalSection(ProjectConfigurationPlatforms) = postSolution
		{F734A1D9-1F5B-442E-A1B7-3B9D56A1126A}.Debug|x64.ActiveCfg = Debug|x64
		{F734A1D9-1F5B-442E-A1B7-3B9D56A1126A}.Debug|x64.Build.0 = Debug|x64
		{F734A1D9-1F5B-442E-A1B7-3B9D56A1126A}.Debug|x86.ActiveCfg = Debug|Win32
		{F734A1D9-1F5B-442E-A1B7-3B9D56A1126A}.Debug|x86.Build.0 = Debug|Win32
		{F734A1D9-1F5B-442E-A1B7-3B9D56A1126A}.Release|x64.ActiveCfg = Release|x64
		{F734A1D9-1F5B-442E-A1B7-3B9D56A1126A}.Release|x64.Build.0 = Release|x64
		{F734A1D9-1F5B-442E-A1B7-3B9D56A1126A}.Release|x86.ActiveCfg = Release|Win32
		{F734A1D9-1F5B-442E-A1B7-3B9D56A1126A}.Release|x86.Build.0 = Release|Win32
	EndGlobalSection
	GlobalSection(SolutionProperties) = preSolution
		HideSolutionNode = FALSE
	EndGlobalSection
	GlobalSection(ExtensibilityGlobals) = postSolution
		SolutionGuid = {25E312AD-70F9-429F-93EE-23AC29CA835F}
	EndGlobalSection
EndGlobal
